
Microsoft Visual Studio Solution File, Format Version 12.00
# Visual Studio Version 17
VisualStudioVersion = 17.4.33205.214
MinimumVisualStudioVersion = 10.0.40219.1
Project("{9A19103F-16F7-4668-BE54-9A1E7A4F7556}") = "CalculateArea", "CalculateArea\CalculateArea.csproj", "{6EED98BC-03AD-4F06-8EE2-BBCD20A6A1AB}"
EndProject
Project("{9A19103F-16F7-4668-BE54-9A1E7A4F7556}") = "CalculateAreaConsole", "CalculateAreaConsole\CalculateAreaConsole.csproj", "{53145967-BDF7-4E43-A216-021347247043}"
EndProject
Project("{FAE04EC0-301F-11D3-BF4B-00C04F79EFBC}") = "TestCalculateArea", "TestCalculateArea\TestCalculateArea.csproj", "{1C615A8D-DD55-4C2B-A388-9EA3EC262649}"
EndProject
Global
	GlobalSection(SolutionConfigurationPlatforms) = preSolution
		Debug|Any CPU = Debug|Any CPU
		Release|Any CPU = Release|Any CPU
	EndGlobalSection
	GlobalSection(ProjectConfigurationPlatforms) = postSolution
		{6EED98BC-03AD-4F06-8EE2-BBCD20A6A1AB}.Debug|Any CPU.ActiveCfg = Debug|Any CPU
		{6EED98BC-03AD-4F06-8EE2-BBCD20A6A1AB}.Debug|Any CPU.Build.0 = Debug|Any CPU
		{6EED98BC-03AD-4F06-8EE2-BBCD20A6A1AB}.Release|Any CPU.ActiveCfg = Release|Any CPU
		{6EED98BC-03AD-4F06-8EE2-BBCD20A6A1AB}.Release|Any CPU.Build.0 = Release|Any CPU
		{53145967-BDF7-4E43-A216-021347247043}.Debug|Any CPU.ActiveCfg = Debug|Any CPU
		{53145967-BDF7-4E43-A216-021347247043}.Debug|Any CPU.Build.0 = Debug|Any CPU
		{53145967-BDF7-4E43-A216-021347247043}.Release|Any CPU.ActiveCfg = Release|Any CPU
		{53145967-BDF7-4E43-A216-021347247043}.Release|Any CPU.Build.0 = Release|Any CPU
		{1C615A8D-DD55-4C2B-A388-9EA3EC262649}.Debug|Any CPU.ActiveCfg = Debug|Any CPU
		{1C615A8D-DD55-4C2B-A388-9EA3EC262649}.Debug|Any CPU.Build.0 = Debug|Any CPU
		{1C615A8D-DD55-4C2B-A388-9EA3EC262649}.Release|Any CPU.ActiveCfg = Release|Any CPU
		{1C615A8D-DD55-4C2B-A388-9EA3EC262649}.Release|Any CPU.Build.0 = Release|Any CPU
	EndGlobalSection
	GlobalSection(SolutionProperties) = preSolution
		HideSolutionNode = FALSE
	EndGlobalSection
	GlobalSection(ExtensibilityGlobals) = postSolution
		SolutionGuid = {AF149C2E-3472-44D2-AEA6-BD3E4F3BA57C}
	EndGlobalSection
EndGlobal
